{
  "name": "www",
  "version": "1.0.0",
  "lockfileVersion": 1,
  "requires": true,
  "dependencies": {
    "@theme-ui/preset-base": {
      "version": "0.3.0",
      "resolved": "https://registry.npmjs.org/@theme-ui/preset-base/-/preset-base-0.3.0.tgz",
      "integrity": "sha512-bFCYoxfe/Ugr5k5BEy3Gv5jg8+idZHWDt/NM95jgla4qITlaOAMuEL6afoQ5HXbJjp5TnZFZ73qO6cKI8/BFfQ=="
    },
    "@theme-ui/preset-bootstrap": {
      "version": "0.3.0",
      "resolved": "https://registry.npmjs.org/@theme-ui/preset-bootstrap/-/preset-bootstrap-0.3.0.tgz",
      "integrity": "sha512-UoBvNNo4JMsdVPuF3tzEPhZu6T1vuFTEDPUwrannaq2ycFfZZVBfr0YaDNtM+n5lcPp3DBXvZrMjDCURteGjVA=="
    },
    "@theme-ui/preset-bulma": {
      "version": "0.3.0",
      "resolved": "https://registry.npmjs.org/@theme-ui/preset-bulma/-/preset-bulma-0.3.0.tgz",
      "integrity": "sha512-9p7SWvEzqfOVqwzpXFn6xB9fiPj3aomb6gG79FoaSzXRv+ATRtsQam9o8GWhGljiQbNazbxFd95RUP92sflncw==",
      "requires": {
        "@theme-ui/preset-base": "^0.3.0"
      }
    },
    "@theme-ui/preset-dark": {
      "version": "0.3.0",
      "resolved": "https://registry.npmjs.org/@theme-ui/preset-dark/-/preset-dark-0.3.0.tgz",
      "integrity": "sha512-biKyaGTy4awA+JbeUO4o2TzkeB4i1nregukS9BUOrub7I4jrKjPvjIlHxlU2uiQIYbxKq4n/QqBIsCbTDdg74w=="
    },
    "@theme-ui/preset-deep": {
      "version": "0.3.0",
      "resolved": "https://registry.npmjs.org/@theme-ui/preset-deep/-/preset-deep-0.3.0.tgz",
      "integrity": "sha512-5XZckaa1nhm7afb57bCMGKR/TCaf9cjTwhNkfAaFjKVklVB4CCinS43zQ0sDadwd3oihCJmGbXyvgwBb8mp/iw=="
    },
    "@theme-ui/preset-funk": {
      "version": "0.3.0",
      "resolved": "https://registry.npmjs.org/@theme-ui/preset-funk/-/preset-funk-0.3.0.tgz",
      "integrity": "sha512-YT/2OgZwx9/FpkM+ol7ixnmusBcMRRwLxlys76cV4Ky1cbb4aL92uDHOh8QIfXilXnyoi8mLVduCMOJCd+1h2Q==",
      "requires": {
        "@theme-ui/preset-base": "^0.3.0"
      }
    },
    "@theme-ui/preset-future": {
      "version": "0.3.0",
      "resolved": "https://registry.npmjs.org/@theme-ui/preset-future/-/preset-future-0.3.0.tgz",
      "integrity": "sha512-KicYV6Ck2hE3nT+Snkk4mFhshyfrX/jgSHGrmfOGMhLjkapQYUpuIKRQMPjlm2dDtd5exbaxOOjX4edRIkqQyg==",
      "requires": {
        "@theme-ui/preset-base": "^0.3.0"
      }
    },
    "@theme-ui/preset-polaris": {
      "version": "0.3.0",
      "resolved": "https://registry.npmjs.org/@theme-ui/preset-polaris/-/preset-polaris-0.3.0.tgz",
      "integrity": "sha512-Tw1xKIbKt28OkevT/WynXnnjHizCQI8XN6P3e3baj5VCdGSXmRJbtZXA85tgjTf6gSTQZrWnaRg2vm/wXn/Wlw==",
      "requires": {
        "@theme-ui/preset-base": "^0.2.44"
      },
      "dependencies": {
        "@theme-ui/preset-base": {
          "version": "0.2.44",
          "resolved": "https://registry.npmjs.org/@theme-ui/preset-base/-/preset-base-0.2.44.tgz",
          "integrity": "sha512-g2BaHKz5/32wHIFoRifHxYikBJICqYx+weypA/zwz+d7rZTE9q+EgTvlFSdVlf1HtR2a3uLB1lp4se0tlI2zwg=="
        }
      }
    },
    "@theme-ui/preset-roboto": {
      "version": "0.3.0",
      "resolved": "https://registry.npmjs.org/@theme-ui/preset-roboto/-/preset-roboto-0.3.0.tgz",
      "integrity": "sha512-7/Bjo3CeVJ73r1PcrnvGVl7TaI+gnwA5ekwfv0yifE5gJBbzvhBRnNIGcBt4aE3pd5WQ+iSKdfBBfxFjkTXQAQ==",
      "requires": {
        "@theme-ui/preset-base": "^0.3.0"
      }
    },
    "@theme-ui/preset-swiss": {
      "version": "0.3.0",
      "resolved": "https://registry.npmjs.org/@theme-ui/preset-swiss/-/preset-swiss-0.3.0.tgz",
      "integrity": "sha512-ijH0FPHMR9tT7ZOIV73lY4VHEvah2FftwrYUt7w4UhjId8SnKBp5GitU+IG4E5mRdP8IiPRQCBrfs9IuSFxnWA=="
    },
    "@theme-ui/preset-system": {
      "version": "0.3.0",
      "resolved": "https://registry.npmjs.org/@theme-ui/preset-system/-/preset-system-0.3.0.tgz",
      "integrity": "sha512-mpQbwuqPZysjdpRxtMxEU7kuafzt0QmYmT8t/1OcQMCIb/qIenu/xZsCXxrJQGZcxgO4Pq5Z9FDzXbQwNQBWcA=="
    },
    "@theme-ui/preset-tailwind": {
      "version": "0.3.0",
      "resolved": "https://registry.npmjs.org/@theme-ui/preset-tailwind/-/preset-tailwind-0.3.0.tgz",
      "integrity": "sha512-Y9BA9ESkOizaN3TV9H+D1gMYgoBTWxo+YGFFfTxn3RRO8V35UUM5tHbhNUWuuu5L5h/syN9f3WENCZ/cGcuaDA=="
    },
    "@theme-ui/preset-tosh": {
      "version": "0.3.0",
      "resolved": "https://registry.npmjs.org/@theme-ui/preset-tosh/-/preset-tosh-0.3.0.tgz",
      "integrity": "sha512-YgrRHVhekvS13VGsKSYPa+ixJXmIQ/8hLIAVq6OmJQMHmPFgu/2pp45Plb1RPNlYsZwtXisO1T6nhet/jqiJvw=="
    },
    "@theme-ui/presets": {
      "version": "0.3.0",
      "resolved": "https://registry.npmjs.org/@theme-ui/presets/-/presets-0.3.0.tgz",
      "integrity": "sha512-mPxsNACJZT+EAZ76vLRFUyVMopkOEgTps3l22PhxLWIT5MtPsGXDoyTmjbOVy1suHv5mYwdQdsJ2isW4nsePrA==",
      "requires": {
        "@theme-ui/preset-base": "^0.3.0",
        "@theme-ui/preset-bootstrap": "^0.3.0",
        "@theme-ui/preset-bulma": "^0.3.0",
        "@theme-ui/preset-dark": "^0.3.0",
        "@theme-ui/preset-deep": "^0.3.0",
        "@theme-ui/preset-funk": "^0.3.0",
        "@theme-ui/preset-future": "^0.3.0",
        "@theme-ui/preset-polaris": "^0.3.0",
        "@theme-ui/preset-roboto": "^0.3.0",
        "@theme-ui/preset-swiss": "^0.3.0",
        "@theme-ui/preset-system": "^0.3.0",
        "@theme-ui/preset-tailwind": "^0.3.0",
        "@theme-ui/preset-tosh": "^0.3.0"
      }
    }
  }
}
